
Microsoft Visual Studio Solution File, Format Version 12.00
# Visual Studio Version 17
VisualStudioVersion = 17.1.32328.378
MinimumVisualStudioVersion = 10.0.40219.1
Project("{FAE04EC0-301F-11D3-BF4B-00C04F79EFBC}") = "Аудиоплеер", "Аудиоплеер\Аудиоплеер.csproj", "{5607626E-EB22-4979-A12B-F4FEF3BD1932}"
EndProject
Global
	GlobalSection(SolutionConfigurationPlatforms) = preSolution
		Debug|Any CPU = Debug|Any CPU
		Release|Any CPU = Release|Any CPU
	EndGlobalSection
	GlobalSection(ProjectConfigurationPlatforms) = postSolution
		{5607626E-EB22-4979-A12B-F4FEF3BD1932}.Debug|Any CPU.ActiveCfg = Debug|Any CPU
		{5607626E-EB22-4979-A12B-F4FEF3BD1932}.Debug|Any CPU.Build.0 = Debug|Any CPU
		{5607626E-EB22-4979-A12B-F4FEF3BD1932}.Release|Any CPU.ActiveCfg = Release|Any CPU
		{5607626E-EB22-4979-A12B-F4FEF3BD1932}.Release|Any CPU.Build.0 = Release|Any CPU
	EndGlobalSection
	GlobalSection(SolutionProperties) = preSolution
		HideSolutionNode = FALSE
	EndGlobalSection
	GlobalSection(ExtensibilityGlobals) = postSolution
		SolutionGuid = {2784C1FC-1C34-42E6-8BF9-B8B52EC4B2D8}
	EndGlobalSection
EndGlobal
